// !$*UTF8*$!
{
	archiveVersion = 1;
	classes = {
	};
	objectVersion = 46;
	objects = {

/* Begin PBXBuildFile section */
		B0E7FCB91E14A0A400E36D6F /* main.m in Sources */ = {isa = PBXBuildFile; fileRef = B0E7FCB81E14A0A400E36D6F /* main.m */; };
		B0E7FCBC1E14A0A400E36D6F /* AppDelegate.m in Sources */ = {isa = PBXBuildFile; fileRef = B0E7FCBB1E14A0A400E36D6F /* AppDelegate.m */; };
		B0E7FCBF1E14A0A400E36D6F /* ViewController.m in Sources */ = {isa = PBXBuildFile; fileRef = B0E7FCBE1E14A0A400E36D6F /* ViewController.m */; };
		B0E7FCC21E14A0A400E36D6F /* Main.storyboard in Resources */ = {isa = PBXBuildFile; fileRef = B0E7FCC01E14A0A400E36D6F /* Main.storyboard */; };
		B0E7FCC41E14A0A400E36D6F /* Assets.xcassets in Resources */ = {isa = PBXBuildFile; fileRef = B0E7FCC31E14A0A400E36D6F /* Assets.xcassets */; };
		B0E7FCC71E14A0A400E36D6F /* LaunchScreen.storyboard in Resources */ = {isa = PBXBuildFile; fileRef = B0E7FCC51E14A0A400E36D6F /* LaunchScreen.storyboard */; };
		B0E7FCD21E14A0A500E36D6F /* FDIntroGuideViewTests.m in Sources */ = {isa = PBXBuildFile; fileRef = B0E7FCD11E14A0A500E36D6F /* FDIntroGuideViewTests.m */; };
		B0E7FCDD1E14A0A500E36D6F /* FDIntroGuideViewUITests.m in Sources */ = {isa = PBXBuildFile; fileRef = B0E7FCDC1E14A0A500E36D6F /* FDIntroGuideViewUITests.m */; };
		B0E7FCED1E14A0AF00E36D6F /* AwesomeIntroGuideView.m in Sources */ = {isa = PBXBuildFile; fileRef = B0E7FCEB1E14A0AF00E36D6F /* AwesomeIntroGuideView.m */; };
		B0E7FCF01E14A0BC00E36D6F /* TableViewController.m in Sources */ = {isa = PBXBuildFile; fileRef = B0E7FCEF1E14A0BC00E36D6F /* TableViewController.m */; };
		B0E7FCF41E14A25400E36D6F /* MGJRouter.m in Sources */ = {isa = PBXBuildFile; fileRef = B0E7FCF31E14A25400E36D6F /* MGJRouter.m */; };
/* End PBXBuildFile section */

/* Begin PBXContainerItemProxy section */
		B0E7FCCE1E14A0A500E36D6F /* PBXContainerItemProxy */ = {
			isa = PBXContainerItemProxy;
			containerPortal = B0E7FCAC1E14A0A400E36D6F /* Project object */;
			proxyType = 1;
			remoteGlobalIDString = B0E7FCB31E14A0A400E36D6F;
			remoteInfo = FDIntroGuideView;
		};
		B0E7FCD91E14A0A500E36D6F /* PBXContainerItemProxy */ = {
			isa = PBXContainerItemProxy;
			containerPortal = B0E7FCAC1E14A0A400E36D6F /* Project object */;
			proxyType = 1;
			remoteGlobalIDString = B0E7FCB31E14A0A400E36D6F;
			remoteInfo = FDIntroGuideView;
		};
/* End PBXContainerItemProxy section */

/* Begin PBXFileReference section */
		B0E7FCB41E14A0A400E36D6F /* FDIntroGuideView.app */ = {isa = PBXFileReference; explicitFileType = wrapper.application; includeInIndex = 0; path = FDIntroGuideView.app; sourceTree = BUILT_PRODUCTS_DIR; };
		B0E7FCB81E14A0A400E36D6F /* main.m */ = {isa = PBXFileReference; lastKnownFileType = sourcecode.c.objc; path = main.m; sourceTree = "<group>"; };
		B0E7FCBA1E14A0A400E36D6F /* AppDelegate.h */ = {isa = PBXFileReference; lastKnownFileType = sourcecode.c.h; path = AppDelegate.h; sourceTree = "<group>"; };
		B0E7FCBB1E14A0A400E36D6F /* AppDelegate.m */ = {isa = PBXFileReference; lastKnownFileType = sourcecode.c.objc; path = AppDelegate.m; sourceTree = "<group>"; };
		B0E7FCBD1E14A0A400E36D6F /* ViewController.h */ = {isa = PBXFileReference; lastKnownFileType = sourcecode.c.h; path = ViewController.h; sourceTree = "<group>"; };
		B0E7FCBE1E14A0A400E36D6F /* ViewController.m */ = {isa = PBXFileReference; lastKnownFileType = sourcecode.c.objc; path = ViewController.m; sourceTree = "<group>"; };
		B0E7FCC11E14A0A400E36D6F /* Base */ = {isa = PBXFileReference; lastKnownFileType = file.storyboard; name = Base; path = Base.lproj/Main.storyboard; sourceTree = "<group>"; };
		B0E7FCC31E14A0A400E36D6F /* Assets.xcassets */ = {isa = PBXFileReference; lastKnownFileType = folder.assetcatalog; path = Assets.xcassets; sourceTree = "<group>"; };
		B0E7FCC61E14A0A400E36D6F /* Base */ = {isa = PBXFileReference; lastKnownFileType = file.storyboard; name = Base; path = Base.lproj/LaunchScreen.storyboard; sourceTree = "<group>"; };
		B0E7FCC81E14A0A400E36D6F /* Info.plist */ = {isa = PBXFileReference; lastKnownFileType = text.plist.xml; path = Info.plist; sourceTree = "<group>"; };
		B0E7FCCD1E14A0A500E36D6F /* FDIntroGuideViewTests.xctest */ = {isa = PBXFileReference; explicitFileType = wrapper.cfbundle; includeInIndex = 0; path = FDIntroGuideViewTests.xctest; sourceTree = BUILT_PRODUCTS_DIR; };
		B0E7FCD11E14A0A500E36D6F /* FDIntroGuideViewTests.m */ = {isa = PBXFileReference; lastKnownFileType = sourcecode.c.objc; path = FDIntroGuideViewTests.m; sourceTree = "<group>"; };
		B0E7FCD31E14A0A500E36D6F /* Info.plist */ = {isa = PBXFileReference; lastKnownFileType = text.plist.xml; path = Info.plist; sourceTree = "<group>"; };
		B0E7FCD81E14A0A500E36D6F /* FDIntroGuideViewUITests.xctest */ = {isa = PBXFileReference; explicitFileType = wrapper.cfbundle; includeInIndex = 0; path = FDIntroGuideViewUITests.xctest; sourceTree = BUILT_PRODUCTS_DIR; };
		B0E7FCDC1E14A0A500E36D6F /* FDIntroGuideViewUITests.m */ = {isa = PBXFileReference; lastKnownFileType = sourcecode.c.objc; path = FDIntroGuideViewUITests.m; sourceTree = "<group>"; };
		B0E7FCDE1E14A0A500E36D6F /* Info.plist */ = {isa = PBXFileReference; lastKnownFileType = text.plist.xml; path = Info.plist; sourceTree = "<group>"; };
		B0E7FCEA1E14A0AF00E36D6F /* AwesomeIntroGuideView.h */ = {isa = PBXFileReference; fileEncoding = 4; lastKnownFileType = sourcecode.c.h; path = AwesomeIntroGuideView.h; sourceTree = "<group>"; };
		B0E7FCEB1E14A0AF00E36D6F /* AwesomeIntroGuideView.m */ = {isa = PBXFileReference; fileEncoding = 4; lastKnownFileType = sourcecode.c.objc; path = AwesomeIntroGuideView.m; sourceTree = "<group>"; };
		B0E7FCEE1E14A0BC00E36D6F /* TableViewController.h */ = {isa = PBXFileReference; fileEncoding = 4; lastKnownFileType = sourcecode.c.h; path = TableViewController.h; sourceTree = "<group>"; };
		B0E7FCEF1E14A0BC00E36D6F /* TableViewController.m */ = {isa = PBXFileReference; fileEncoding = 4; lastKnownFileType = sourcecode.c.objc; path = TableViewController.m; sourceTree = "<group>"; };
		B0E7FCF21E14A25400E36D6F /* MGJRouter.h */ = {isa = PBXFileReference; fileEncoding = 4; lastKnownFileType = sourcecode.c.h; path = MGJRouter.h; sourceTree = "<group>"; };
		B0E7FCF31E14A25400E36D6F /* MGJRouter.m */ = {isa = PBXFileReference; fileEncoding = 4; lastKnownFileType = sourcecode.c.objc; path = MGJRouter.m; sourceTree = "<group>"; };
/* End PBXFileReference section */

/* Begin PBXFrameworksBuildPhase section */
		B0E7FCB11E14A0A400E36D6F /* Frameworks */ = {
			isa = PBXFrameworksBuildPhase;
			buildActionMask = 2147483647;
			files = (
			);
			runOnlyForDeploymentPostprocessing = 0;
		};
		B0E7FCCA1E14A0A500E36D6F /* Frameworks */ = {
			isa = PBXFrameworksBuildPhase;
			buildActionMask = 2147483647;
			files = (
			);
			runOnlyForDeploymentPostprocessing = 0;
		};
		B0E7FCD51E14A0A500E36D6F /* Frameworks */ = {
			isa = PBXFrameworksBuildPhase;
			buildActionMask = 2147483647;
			files = (
			);
			runOnlyForDeploymentPostprocessing = 0;
		};
/* End PBXFrameworksBuildPhase section */

/* Begin PBXGroup section */
		B0E7FCAB1E14A0A400E36D6F = {
			isa = PBXGroup;
			children = (
				B0E7FCB61E14A0A400E36D6F /* FDIntroGuideView */,
				B0E7FCD01E14A0A500E36D6F /* FDIntroGuideViewTests */,
				B0E7FCDB1E14A0A500E36D6F /* FDIntroGuideViewUITests */,
				B0E7FCB51E14A0A400E36D6F /* Products */,
			);
			sourceTree = "<group>";
		};
		B0E7FCB51E14A0A400E36D6F /* Products */ = {
			isa = PBXGroup;
			children = (
				B0E7FCB41E14A0A400E36D6F /* FDIntroGuideView.app */,
				B0E7FCCD1E14A0A500E36D6F /* FDIntroGuideViewTests.xctest */,
				B0E7FCD81E14A0A500E36D6F /* FDIntroGuideViewUITests.xctest */,
			);
			name = Products;
			sourceTree = "<group>";
		};
		B0E7FCB61E14A0A400E36D6F /* FDIntroGuideView */ = {
			isa = PBXGroup;
			children = (
				B0E7FCEC1E14A0AF00E36D6F /* Classes */,
				B0E7FCBA1E14A0A400E36D6F /* AppDelegate.h */,
				B0E7FCBB1E14A0A400E36D6F /* AppDelegate.m */,
				B0E7FCBD1E14A0A400E36D6F /* ViewController.h */,
				B0E7FCBE1E14A0A400E36D6F /* ViewController.m */,
				B0E7FCEE1E14A0BC00E36D6F /* TableViewController.h */,
				B0E7FCEF1E14A0BC00E36D6F /* TableViewController.m */,
				B0E7FCC01E14A0A400E36D6F /* Main.storyboard */,
				B0E7FCC31E14A0A400E36D6F /* Assets.xcassets */,
				B0E7FCC51E14A0A400E36D6F /* LaunchScreen.storyboard */,
				B0E7FCC81E14A0A400E36D6F /* Info.plist */,
				B0E7FCB71E14A0A400E36D6F /* Supporting Files */,
			);
			path = FDIntroGuideView;
			sourceTree = "<group>";
		};
		B0E7FCB71E14A0A400E36D6F /* Supporting Files */ = {
			isa = PBXGroup;
			children = (
				B0E7FCB81E14A0A400E36D6F /* main.m */,
			);
			name = "Supporting Files";
			sourceTree = "<group>";
		};
		B0E7FCD01E14A0A500E36D6F /* FDIntroGuideViewTests */ = {
			isa = PBXGroup;
			children = (
				B0E7FCD11E14A0A500E36D6F /* FDIntroGuideViewTests.m */,
				B0E7FCD31E14A0A500E36D6F /* Info.plist */,
			);
			path = FDIntroGuideViewTests;
			sourceTree = "<group>";
		};
		B0E7FCDB1E14A0A500E36D6F /* FDIntroGuideViewUITests */ = {
			isa = PBXGroup;
			children = (
				B0E7FCDC1E14A0A500E36D6F /* FDIntroGuideViewUITests.m */,
				B0E7FCDE1E14A0A500E36D6F /* Info.plist */,
			);
			path = FDIntroGuideViewUITests;
			sourceTree = "<group>";
		};
		B0E7FCEC1E14A0AF00E36D6F /* Classes */ = {
			isa = PBXGroup;
			children = (
				B0E7FCF11E14A25400E36D6F /* MGJRouter */,
				B0E7FCEA1E14A0AF00E36D6F /* AwesomeIntroGuideView.h */,
				B0E7FCEB1E14A0AF00E36D6F /* AwesomeIntroGuideView.m */,
			);
			name = Classes;
			path = "../../../Downloads/AwesomeIntroguideView-master/AwesomeIntroGuideViewDemo/AwesomeIntroGuideView/AwesomeIntroGuideView/Classes";
			sourceTree = "<group>";
		};
		B0E7FCF11E14A25400E36D6F /* MGJRouter */ = {
			isa = PBXGroup;
			children = (
				B0E7FCF21E14A25400E36D6F /* MGJRouter.h */,
				B0E7FCF31E14A25400E36D6F /* MGJRouter.m */,
			);
			name = MGJRouter;
			path = ../../../../../../Desktop/FDIntroGuideView/FDIntroGuideView/MGJRouter;
			sourceTree = "<group>";
		};
/* End PBXGroup section */

/* Begin PBXNativeTarget section */
		B0E7FCB31E14A0A400E36D6F /* FDIntroGuideView */ = {
			isa = PBXNativeTarget;
			buildConfigurationList = B0E7FCE11E14A0A500E36D6F /* Build configuration list for PBXNativeTarget "FDIntroGuideView" */;
			buildPhases = (
				B0E7FCB01E14A0A400E36D6F /* Sources */,
				B0E7FCB11E14A0A400E36D6F /* Frameworks */,
				B0E7FCB21E14A0A400E36D6F /* Resources */,
			);
			buildRules = (
			);
			dependencies = (
			);
			name = FDIntroGuideView;
			productName = FDIntroGuideView;
			productReference = B0E7FCB41E14A0A400E36D6F /* FDIntroGuideView.app */;
			productType = "com.apple.product-type.application";
		};
		B0E7FCCC1E14A0A500E36D6F /* FDIntroGuideViewTests */ = {
			isa = PBXNativeTarget;
			buildConfigurationList = B0E7FCE41E14A0A500E36D6F /* Build configuration list for PBXNativeTarget "FDIntroGuideViewTests" */;
			buildPhases = (
				B0E7FCC91E14A0A500E36D6F /* Sources */,
				B0E7FCCA1E14A0A500E36D6F /* Frameworks */,
				B0E7FCCB1E14A0A500E36D6F /* Resources */,
			);
			buildRules = (
			);
			dependencies = (
				B0E7FCCF1E14A0A500E36D6F /* PBXTargetDependency */,
			);
			name = FDIntroGuideViewTests;
			productName = FDIntroGuideViewTests;
			productReference = B0E7FCCD1E14A0A500E36D6F /* FDIntroGuideViewTests.xctest */;
			productType = "com.apple.product-type.bundle.unit-test";
		};
		B0E7FCD71E14A0A500E36D6F /* FDIntroGuideViewUITests */ = {
			isa = PBXNativeTarget;
			buildConfigurationList = B0E7FCE71E14A0A500E36D6F /* Build configuration list for PBXNativeTarget "FDIntroGuideViewUITests" */;
			buildPhases = (
				B0E7FCD41E14A0A500E36D6F /* Sources */,
				B0E7FCD51E14A0A500E36D6F /* Frameworks */,
				B0E7FCD61E14A0A500E36D6F /* Resources */,
			);
			buildRules = (
			);
			dependencies = (
				B0E7FCDA1E14A0A500E36D6F /* PBXTargetDependency */,
			);
			name = FDIntroGuideViewUITests;
			productName = FDIntroGuideViewUITests;
			productReference = B0E7FCD81E14A0A500E36D6F /* FDIntroGuideViewUITests.xctest */;
			productType = "com.apple.product-type.bundle.ui-testing";
		};
/* End PBXNativeTarget section */

/* Begin PBXProject section */
		B0E7FCAC1E14A0A400E36D6F /* Project object */ = {
			isa = PBXProject;
			attributes = {
				LastUpgradeCheck = 0720;
				ORGANIZATIONNAME = feyddy;
				TargetAttributes = {
					B0E7FCB31E14A0A400E36D6F = {
						CreatedOnToolsVersion = 7.2;
					};
					B0E7FCCC1E14A0A500E36D6F = {
						CreatedOnToolsVersion = 7.2;
						TestTargetID = B0E7FCB31E14A0A400E36D6F;
					};
					B0E7FCD71E14A0A500E36D6F = {
						CreatedOnToolsVersion = 7.2;
						TestTargetID = B0E7FCB31E14A0A400E36D6F;
					};
				};
			};
			buildConfigurationList = B0E7FCAF1E14A0A400E36D6F /* Build configuration list for PBXProject "FDIntroGuideView" */;
			compatibilityVersion = "Xcode 3.2";
			developmentRegion = English;
			hasScannedForEncodings = 0;
			knownRegions = (
				en,
				Base,
			);
			mainGroup = B0E7FCAB1E14A0A400E36D6F;
			productRefGroup = B0E7FCB51E14A0A400E36D6F /* Products */;
			projectDirPath = "";
			projectRoot = "";
			targets = (
				B0E7FCB31E14A0A400E36D6F /* FDIntroGuideView */,
				B0E7FCCC1E14A0A500E36D6F /* FDIntroGuideViewTests */,
				B0E7FCD71E14A0A500E36D6F /* FDIntroGuideViewUITests */,
			);
		};
/* End PBXProject section */

/* Begin PBXResourcesBuildPhase section */
		B0E7FCB21E14A0A400E36D6F /* Resources */ = {
			isa = PBXResourcesBuildPhase;
			buildActionMask = 2147483647;
			files = (
				B0E7FCC71E14A0A400E36D6F /* LaunchScreen.storyboard in Resources */,
				B0E7FCC41E14A0A400E36D6F /* Assets.xcassets in Resources */,
				B0E7FCC21E14A0A400E36D6F /* Main.storyboard in Resources */,
			);
			runOnlyForDeploymentPostprocessing = 0;
		};
		B0E7FCCB1E14A0A500E36D6F /* Resources */ = {
			isa = PBXResourcesBuildPhase;
			buildActionMask = 2147483647;
			files = (
			);
			runOnlyForDeploymentPostprocessing = 0;
		};
		B0E7FCD61E14A0A500E36D6F /* Resources */ = {
			isa = PBXResourcesBuildPhase;
			buildActionMask = 2147483647;
			files = (
			);
			runOnlyForDeploymentPostprocessing = 0;
		};
/* End PBXResourcesBuildPhase section */

/* Begin PBXSourcesBuildPhase section */
		B0E7FCB01E14A0A400E36D6F /* Sources */ = {
			isa = PBXSourcesBuildPhase;
			buildActionMask = 2147483647;
			files = (
				B0E7FCED1E14A0AF00E36D6F /* AwesomeIntroGuideView.m in Sources */,
				B0E7FCBF1E14A0A400E36D6F /* ViewController.m in Sources */,
				B0E7FCBC1E14A0A400E36D6F /* AppDelegate.m in Sources */,
				B0E7FCF41E14A25400E36D6F /* MGJRouter.m in Sources */,
				B0E7FCF01E14A0BC00E36D6F /* TableViewController.m in Sources */,
				B0E7FCB91E14A0A400E36D6F /* main.m in Sources */,
			);
			runOnlyForDeploymentPostprocessing = 0;
		};
		B0E7FCC91E14A0A500E36D6F /* Sources */ = {
			isa = PBXSourcesBuildPhase;
			buildActionMask = 2147483647;
			files = (
				B0E7FCD21E14A0A500E36D6F /* FDIntroGuideViewTests.m in Sources */,
			);
			runOnlyForDeploymentPostprocessing = 0;
		};
		B0E7FCD41E14A0A500E36D6F /* Sources */ = {
			isa = PBXSourcesBuildPhase;
			buildActionMask = 2147483647;
			files = (
				B0E7FCDD1E14A0A500E36D6F /* FDIntroGuideViewUITests.m in Sources */,
			);
			runOnlyForDeploymentPostprocessing = 0;
		};
/* End PBXSourcesBuildPhase section */

/* Begin PBXTargetDependency section */
		B0E7FCCF1E14A0A500E36D6F /* PBXTargetDependency */ = {
			isa = PBXTargetDependency;
			target = B0E7FCB31E14A0A400E36D6F /* FDIntroGuideView */;
			targetProxy = B0E7FCCE1E14A0A500E36D6F /* PBXContainerItemProxy */;
		};
		B0E7FCDA1E14A0A500E36D6F /* PBXTargetDependency */ = {
			isa = PBXTargetDependency;
			target = B0E7FCB31E14A0A400E36D6F /* FDIntroGuideView */;
			targetProxy = B0E7FCD91E14A0A500E36D6F /* PBXContainerItemProxy */;
		};
/* End PBXTargetDependency section */

/* Begin PBXVariantGroup section */
		B0E7FCC01E14A0A400E36D6F /* Main.storyboard */ = {
			isa = PBXVariantGroup;
			children = (
				B0E7FCC11E14A0A400E36D6F /* Base */,
			);
			name = Main.storyboard;
			sourceTree = "<group>";
		};
		B0E7FCC51E14A0A400E36D6F /* LaunchScreen.storyboard */ = {
			isa = PBXVariantGroup;
			children = (
				B0E7FCC61E14A0A400E36D6F /* Base */,
			);
			name = LaunchScreen.storyboard;
			sourceTree = "<group>";
		};
/* End PBXVariantGroup section */

/* Begin XCBuildConfiguration section */
		B0E7FCDF1E14A0A500E36D6F /* Debug */ = {
			isa = XCBuildConfiguration;
			buildSettings = {
				ALWAYS_SEARCH_USER_PATHS = NO;
				CLANG_CXX_LANGUAGE_STANDARD = "gnu++0x";
				CLANG_CXX_LIBRARY = "libc++";
				CLANG_ENABLE_MODULES = YES;
				CLANG_ENABLE_OBJC_ARC = YES;
				CLANG_WARN_BOOL_CONVERSION = YES;
				CLANG_WARN_CONSTANT_CONVERSION = YES;
				CLANG_WARN_DIRECT_OBJC_ISA_USAGE = YES_ERROR;
				CLANG_WARN_EMPTY_BODY = YES;
				CLANG_WARN_ENUM_CONVERSION = YES;
				CLANG_WARN_INT_CONVERSION = YES;
				CLANG_WARN_OBJC_ROOT_CLASS = YES_ERROR;
				CLANG_WARN_UNREACHABLE_CODE = YES;
				CLANG_WARN__DUPLICATE_METHOD_MATCH = YES;
				"CODE_SIGN_IDENTITY[sdk=iphoneos*]" = "iPhone Developer";
				COPY_PHASE_STRIP = NO;
				DEBUG_INFORMATION_FORMAT = dwarf;
				ENABLE_STRICT_OBJC_MSGSEND = YES;
				ENABLE_TESTABILITY = YES;
				GCC_C_LANGUAGE_STANDARD = gnu99;
				GCC_DYNAMIC_NO_PIC = NO;
				GCC_NO_COMMON_BLOCKS = YES;
				GCC_OPTIMIZATION_LEVEL = 0;
				GCC_PREPROCESSOR_DEFINITIONS = (
					"DEBUG=1",
					"$(inherited)",
				);
				GCC_WARN_64_TO_32_BIT_CONVERSION = YES;
				GCC_WARN_ABOUT_RETURN_TYPE = YES_ERROR;
				GCC_WARN_UNDECLARED_SELECTOR = YES;
				GCC_WARN_UNINITIALIZED_AUTOS = YES_AGGRESSIVE;
				GCC_WARN_UNUSED_FUNCTION = YES;
				GCC_WARN_UNUSED_VARIABLE = YES;
				IPHONEOS_DEPLOYMENT_TARGET = 9.2;
				MTL_ENABLE_DEBUG_INFO = YES;
				ONLY_ACTIVE_ARCH = YES;
				SDKROOT = iphoneos;
			};
			name = Debug;
		};
		B0E7FCE01E14A0A500E36D6F /* Release */ = {
			isa = XCBuildConfiguration;
			buildSettings = {
				ALWAYS_SEARCH_USER_PATHS = NO;
				CLANG_CXX_LANGUAGE_STANDARD = "gnu++0x";
				CLANG_CXX_LIBRARY = "libc++";
				CLANG_ENABLE_MODULES = YES;
				CLANG_ENABLE_OBJC_ARC = YES;
				CLANG_WARN_BOOL_CONVERSION = YES;
				CLANG_WARN_CONSTANT_CONVERSION = YES;
				CLANG_WARN_DIRECT_OBJC_ISA_USAGE = YES_ERROR;
				CLANG_WARN_EMPTY_BODY = YES;
				CLANG_WARN_ENUM_CONVERSION = YES;
				CLANG_WARN_INT_CONVERSION = YES;
				CLANG_WARN_OBJC_ROOT_CLASS = YES_ERROR;
				CLANG_WARN_UNREACHABLE_CODE = YES;
				CLANG_WARN__DUPLICATE_METHOD_MATCH = YES;
				"CODE_SIGN_IDENTITY[sdk=iphoneos*]" = "iPhone Developer";
				COPY_PHASE_STRIP = NO;
				DEBUG_INFORMATION_FORMAT = "dwarf-with-dsym";
				ENABLE_NS_ASSERTIONS = NO;
				ENABLE_STRICT_OBJC_MSGSEND = YES;
				GCC_C_LANGUAGE_STANDARD = gnu99;
				GCC_NO_COMMON_BLOCKS = YES;
				GCC_WARN_64_TO_32_BIT_CONVERSION = YES;
				GCC_WARN_ABOUT_RETURN_TYPE = YES_ERROR;
				GCC_WARN_UNDECLARED_SELECTOR = YES;
				GCC_WARN_UNINITIALIZED_AUTOS = YES_AGGRESSIVE;
				GCC_WARN_UNUSED_FUNCTION = YES;
				GCC_WARN_UNUSED_VARIABLE = YES;
				IPHONEOS_DEPLOYMENT_TARGET = 9.2;
				MTL_ENABLE_DEBUG_INFO = NO;
				SDKROOT = iphoneos;
				VALIDATE_PRODUCT = YES;
			};
			name = Release;
		};
		B0E7FCE21E14A0A500E36D6F /* Debug */ = {
			isa = XCBuildConfiguration;
			buildSettings = {
				ASSETCATALOG_COMPILER_APPICON_NAME = AppIcon;
				INFOPLIST_FILE = FDIntroGuideView/Info.plist;
				LD_RUNPATH_SEARCH_PATHS = "$(inherited) @executable_path/Frameworks";
				PRODUCT_BUNDLE_IDENTIFIER = feyddy.FDIntroGuideView;
				PRODUCT_NAME = "$(TARGET_NAME)";
			};
			name = Debug;
		};
		B0E7FCE31E14A0A500E36D6F /* Release */ = {
			isa = XCBuildConfiguration;
			buildSettings = {
				ASSETCATALOG_COMPILER_APPICON_NAME = AppIcon;
				INFOPLIST_FILE = FDIntroGuideView/Info.plist;
				LD_RUNPATH_SEARCH_PATHS = "$(inherited) @executable_path/Frameworks";
				PRODUCT_BUNDLE_IDENTIFIER = feyddy.FDIntroGuideView;
				PRODUCT_NAME = "$(TARGET_NAME)";
			};
			name = Release;
		};
		B0E7FCE51E14A0A500E36D6F /* Debug */ = {
			isa = XCBuildConfiguration;
			buildSettings = {
				BUNDLE_LOADER = "$(TEST_HOST)";
				INFOPLIST_FILE = FDIntroGuideViewTests/Info.plist;
				LD_RUNPATH_SEARCH_PATHS = "$(inherited) @executable_path/Frameworks @loader_path/Frameworks";
				PRODUCT_BUNDLE_IDENTIFIER = feyddy.FDIntroGuideViewTests;
				PRODUCT_NAME = "$(TARGET_NAME)";
				TEST_HOST = "$(BUILT_PRODUCTS_DIR)/FDIntroGuideView.app/FDIntroGuideView";
			};
			name = Debug;
		};
		B0E7FCE61E14A0A500E36D6F /* Release */ = {
			isa = XCBuildConfiguration;
			buildSettings = {
				BUNDLE_LOADER = "$(TEST_HOST)";
				INFOPLIST_FILE = FDIntroGuideViewTests/Info.plist;
				LD_RUNPATH_SEARCH_PATHS = "$(inherited) @executable_path/Frameworks @loader_path/Frameworks";
				PRODUCT_BUNDLE_IDENTIFIER = feyddy.FDIntroGuideViewTests;
				PRODUCT_NAME = "$(TARGET_NAME)";
				TEST_HOST = "$(BUILT_PRODUCTS_DIR)/FDIntroGuideView.app/FDIntroGuideView";
			};
			name = Release;
		};
		B0E7FCE81E14A0A500E36D6F /* Debug */ = {
			isa = XCBuildConfiguration;
			buildSettings = {
				INFOPLIST_FILE = FDIntroGuideViewUITests/Info.plist;
				LD_RUNPATH_SEARCH_PATHS = "$(inherited) @executable_path/Frameworks @loader_path/Frameworks";
				PRODUCT_BUNDLE_IDENTIFIER = feyddy.FDIntroGuideViewUITests;
				PRODUCT_NAME = "$(TARGET_NAME)";
				TEST_TARGET_NAME = FDIntroGuideView;
				USES_XCTRUNNER = YES;
			};
			name = Debug;
		};
		B0E7FCE91E14A0A500E36D6F /* Release */ = {
			isa = XCBuildConfiguration;
			buildSettings = {
				INFOPLIST_FILE = FDIntroGuideViewUITests/Info.plist;
				LD_RUNPATH_SEARCH_PATHS = "$(inherited) @executable_path/Frameworks @loader_path/Frameworks";
				PRODUCT_BUNDLE_IDENTIFIER = feyddy.FDIntroGuideViewUITests;
				PRODUCT_NAME = "$(TARGET_NAME)";
				TEST_TARGET_NAME = FDIntroGuideView;
				USES_XCTRUNNER = YES;
			};
			name = Release;
		};
/* End XCBuildConfiguration section */

/* Begin XCConfigurationList section */
		B0E7FCAF1E14A0A400E36D6F /* Build configuration list for PBXProject "FDIntroGuideView" */ = {
			isa = XCConfigurationList;
			buildConfigurations = (
				B0E7FCDF1E14A0A500E36D6F /* Debug */,
				B0E7FCE01E14A0A500E36D6F /* Release */,
			);
			defaultConfigurationIsVisible = 0;
			defaultConfigurationName = Release;
		};
		B0E7FCE11E14A0A500E36D6F /* Build configuration list for PBXNativeTarget "FDIntroGuideView" */ = {
			isa = XCConfigurationList;
			buildConfigurations = (
				B0E7FCE21E14A0A500E36D6F /* Debug */,
				B0E7FCE31E14A0A500E36D6F /* Release */,
			);
			defaultConfigurationIsVisible = 0;
			defaultConfigurationName = Release;
		};
		B0E7FCE41E14A0A500E36D6F /* Build configuration list for PBXNativeTarget "FDIntroGuideViewTests" */ = {
			isa = XCConfigurationList;
			buildConfigurations = (
				B0E7FCE51E14A0A500E36D6F /* Debug */,
				B0E7FCE61E14A0A500E36D6F /* Release */,
			);
			defaultConfigurationIsVisible = 0;
			defaultConfigurationName = Release;
		};
		B0E7FCE71E14A0A500E36D6F /* Build configuration list for PBXNativeTarget "FDIntroGuideViewUITests" */ = {
			isa = XCConfigurationList;
			buildConfigurations = (
				B0E7FCE81E14A0A500E36D6F /* Debug */,
				B0E7FCE91E14A0A500E36D6F /* Release */,
			);
			defaultConfigurationIsVisible = 0;
			defaultConfigurationName = Release;
		};
/* End XCConfigurationList section */
	};
	rootObject = B0E7FCAC1E14A0A400E36D6F /* Project object */;
}
